
Microsoft Visual Studio Solution File, Format Version 12.00
# Visual Studio Version 17
VisualStudioVersion = 17.14.37216.2 d17.14
MinimumVisualStudioVersion = 10.0.40219.1
Project("{FAE04EC0-301F-11D3-BF4B-00C04F79EFBC}") = "kookbot", "kookbot\kookbot.csproj", "{0B0C5C1E-494A-4FCB-A5A2-7EAA3C1E68C1}"
EndProject
Global
	GlobalSection(SolutionConfigurationPlatforms) = preSolution
		Debug|Any CPU = Debug|Any CPU
		Release|Any CPU = Release|Any CPU
	EndGlobalSection
	GlobalSection(ProjectConfigurationPlatforms) = postSolution
		{0B0C5C1E-494A-4FCB-A5A2-7EAA3C1E68C1}.Debug|Any CPU.ActiveCfg = Debug|Any CPU
		{0B0C5C1E-494A-4FCB-A5A2-7EAA3C1E68C1}.Debug|Any CPU.Build.0 = Debug|Any CPU
		{0B0C5C1E-494A-4FCB-A5A2-7EAA3C1E68C1}.Release|Any CPU.ActiveCfg = Release|Any CPU
		{0B0C5C1E-494A-4FCB-A5A2-7EAA3C1E68C1}.Release|Any CPU.Build.0 = Release|Any CPU
	EndGlobalSection
	GlobalSection(SolutionProperties) = preSolution
		HideSolutionNode = FALSE
	EndGlobalSection
	GlobalSection(ExtensibilityGlobals) = postSolution
		SolutionGuid = {A90E6046-CFFD-4F45-87AB-4D86DE8DE17A}
	EndGlobalSection
EndGlobal
